
Microsoft Visual Studio Solution File, Format Version 12.00
# Visual Studio Version 17
VisualStudioVersion = 17.8.34525.116
MinimumVisualStudioVersion = 10.0.40219.1
Project("{FAE04EC0-301F-11D3-BF4B-00C04F79EFBC}") = "MovieAPI", "MovieAPI\MovieAPI.csproj", "{11A917B9-7AF6-4CB3-8362-F153C73F5DEA}"
EndProject
Global
	GlobalSection(SolutionConfigurationPlatforms) = preSolution
		Debug|Any CPU = Debug|Any CPU
		Release|Any CPU = Release|Any CPU
	EndGlobalSection
	GlobalSection(ProjectConfigurationPlatforms) = postSolution
		{11A917B9-7AF6-4CB3-8362-F153C73F5DEA}.Debug|Any CPU.ActiveCfg = Debug|Any CPU
		{11A917B9-7AF6-4CB3-8362-F153C73F5DEA}.Debug|Any CPU.Build.0 = Debug|Any CPU
		{11A917B9-7AF6-4CB3-8362-F153C73F5DEA}.Release|Any CPU.ActiveCfg = Release|Any CPU
		{11A917B9-7AF6-4CB3-8362-F153C73F5DEA}.Release|Any CPU.Build.0 = Release|Any CPU
	EndGlobalSection
	GlobalSection(SolutionProperties) = preSolution
		HideSolutionNode = FALSE
	EndGlobalSection
	GlobalSection(ExtensibilityGlobals) = postSolution
		SolutionGuid = {4DE0769C-6916-4573-9F36-17B87A26888B}
	EndGlobalSection
EndGlobal
